
Microsoft Visual Studio Solution File, Format Version 11.00
# Visual Studio 2010
Project("{FAE04EC0-301F-11D3-BF4B-00C04F79EFBC}") = "Medidata.RBT", "Medidata.RBT\Medidata.RBT.csproj", "{89C8F41A-E7F8-4D94-BE93-C2C5B8097A32}"
EndProject
Project("{FAE04EC0-301F-11D3-BF4B-00C04F79EFBC}") = "Medidata.RBT.Features.Rave", "Medidata.RBT.Features.Rave\Medidata.RBT.Features.Rave.csproj", "{DDE5AD07-B83F-4B1E-B0D5-E01120CF39AB}"
EndProject
Project("{FAE04EC0-301F-11D3-BF4B-00C04F79EFBC}") = "Medidata.RBT.Common.Steps", "Medidata.RBT.Common.Steps\Medidata.RBT.Common.Steps.csproj", "{45796EAF-4C33-4410-A85E-D5EF7EBE7EFE}"
EndProject
Project("{FAE04EC0-301F-11D3-BF4B-00C04F79EFBC}") = "Medidata.RBT.PageObjects.Rave", "Medidata.RBT.PageObjects.Rave\Medidata.RBT.PageObjects.Rave.csproj", "{14989202-B55D-4273-85E2-1BFD95A4BB80}"
EndProject
Project("{FAE04EC0-301F-11D3-BF4B-00C04F79EFBC}") = "Medidata.RBT.SeleniumExtension", "Medidata.RBT.SeleniumExtension\Medidata.RBT.SeleniumExtension.csproj", "{22945718-331A-4CC1-A98A-A7E7500FAF76}"
EndProject
Project("{FAE04EC0-301F-11D3-BF4B-00C04F79EFBC}") = "Medidata.RBT.Documents", "Medidata.RBT.Documents\Medidata.RBT.Documents.csproj", "{992FAE21-1367-4795-A9AC-C8F8CE8D8DA9}"
EndProject
Project("{2150E333-8FDC-42A3-9474-1A3956D46DE8}") = "Solution Items", "Solution Items", "{66B536D7-0359-4A66-B87B-FF4FFF73165B}"
	ProjectSection(SolutionItems) = preProject
		Default.testsettings = Default.testsettings
	EndProjectSection
EndProject
Global
	GlobalSection(SolutionConfigurationPlatforms) = preSolution
		Debug|Any CPU = Debug|Any CPU
		Debug|Mixed Platforms = Debug|Mixed Platforms
		Debug|x86 = Debug|x86
		Release|Any CPU = Release|Any CPU
		Release|Mixed Platforms = Release|Mixed Platforms
		Release|x86 = Release|x86
	EndGlobalSection
	GlobalSection(ProjectConfigurationPlatforms) = postSolution
		{89C8F41A-E7F8-4D94-BE93-C2C5B8097A32}.Debug|Any CPU.ActiveCfg = Debug|Any CPU
		{89C8F41A-E7F8-4D94-BE93-C2C5B8097A32}.Debug|Any CPU.Build.0 = Debug|Any CPU
		{89C8F41A-E7F8-4D94-BE93-C2C5B8097A32}.Debug|Mixed Platforms.ActiveCfg = Debug|Any CPU
		{89C8F41A-E7F8-4D94-BE93-C2C5B8097A32}.Debug|Mixed Platforms.Build.0 = Debug|Any CPU
		{89C8F41A-E7F8-4D94-BE93-C2C5B8097A32}.Debug|x86.ActiveCfg = Debug|Any CPU
		{89C8F41A-E7F8-4D94-BE93-C2C5B8097A32}.Release|Any CPU.ActiveCfg = Release|Any CPU
		{89C8F41A-E7F8-4D94-BE93-C2C5B8097A32}.Release|Any CPU.Build.0 = Release|Any CPU
		{89C8F41A-E7F8-4D94-BE93-C2C5B8097A32}.Release|Mixed Platforms.ActiveCfg = Release|Any CPU
		{89C8F41A-E7F8-4D94-BE93-C2C5B8097A32}.Release|Mixed Platforms.Build.0 = Release|Any CPU
		{89C8F41A-E7F8-4D94-BE93-C2C5B8097A32}.Release|x86.ActiveCfg = Release|Any CPU
		{DDE5AD07-B83F-4B1E-B0D5-E01120CF39AB}.Debug|Any CPU.ActiveCfg = Debug|Any CPU
		{DDE5AD07-B83F-4B1E-B0D5-E01120CF39AB}.Debug|Any CPU.Build.0 = Debug|Any CPU
		{DDE5AD07-B83F-4B1E-B0D5-E01120CF39AB}.Debug|Mixed Platforms.ActiveCfg = Debug|Any CPU
		{DDE5AD07-B83F-4B1E-B0D5-E01120CF39AB}.Debug|Mixed Platforms.Build.0 = Debug|Any CPU
		{DDE5AD07-B83F-4B1E-B0D5-E01120CF39AB}.Debug|x86.ActiveCfg = Debug|Any CPU
		{DDE5AD07-B83F-4B1E-B0D5-E01120CF39AB}.Release|Any CPU.ActiveCfg = Release|Any CPU
		{DDE5AD07-B83F-4B1E-B0D5-E01120CF39AB}.Release|Any CPU.Build.0 = Release|Any CPU
		{DDE5AD07-B83F-4B1E-B0D5-E01120CF39AB}.Release|Mixed Platforms.ActiveCfg = Release|Any CPU
		{DDE5AD07-B83F-4B1E-B0D5-E01120CF39AB}.Release|Mixed Platforms.Build.0 = Release|Any CPU
		{DDE5AD07-B83F-4B1E-B0D5-E01120CF39AB}.Release|x86.ActiveCfg = Release|Any CPU
		{45796EAF-4C33-4410-A85E-D5EF7EBE7EFE}.Debug|Any CPU.ActiveCfg = Debug|Any CPU
		{45796EAF-4C33-4410-A85E-D5EF7EBE7EFE}.Debug|Any CPU.Build.0 = Debug|Any CPU
		{45796EAF-4C33-4410-A85E-D5EF7EBE7EFE}.Debug|Mixed Platforms.ActiveCfg = Debug|Any CPU
		{45796EAF-4C33-4410-A85E-D5EF7EBE7EFE}.Debug|Mixed Platforms.Build.0 = Debug|Any CPU
		{45796EAF-4C33-4410-A85E-D5EF7EBE7EFE}.Debug|x86.ActiveCfg = Debug|Any CPU
		{45796EAF-4C33-4410-A85E-D5EF7EBE7EFE}.Release|Any CPU.ActiveCfg = Release|Any CPU
		{45796EAF-4C33-4410-A85E-D5EF7EBE7EFE}.Release|Any CPU.Build.0 = Release|Any CPU
		{45796EAF-4C33-4410-A85E-D5EF7EBE7EFE}.Release|Mixed Platforms.ActiveCfg = Release|Any CPU
		{45796EAF-4C33-4410-A85E-D5EF7EBE7EFE}.Release|Mixed Platforms.Build.0 = Release|Any CPU
		{45796EAF-4C33-4410-A85E-D5EF7EBE7EFE}.Release|x86.ActiveCfg = Release|Any CPU
		{14989202-B55D-4273-85E2-1BFD95A4BB80}.Debug|Any CPU.ActiveCfg = Debug|Any CPU
		{14989202-B55D-4273-85E2-1BFD95A4BB80}.Debug|Any CPU.Build.0 = Debug|Any CPU
		{14989202-B55D-4273-85E2-1BFD95A4BB80}.Debug|Mixed Platforms.ActiveCfg = Debug|Any CPU
		{14989202-B55D-4273-85E2-1BFD95A4BB80}.Debug|Mixed Platforms.Build.0 = Debug|Any CPU
		{14989202-B55D-4273-85E2-1BFD95A4BB80}.Debug|x86.ActiveCfg = Debug|Any CPU
		{14989202-B55D-4273-85E2-1BFD95A4BB80}.Release|Any CPU.ActiveCfg = Release|Any CPU
		{14989202-B55D-4273-85E2-1BFD95A4BB80}.Release|Any CPU.Build.0 = Release|Any CPU
		{14989202-B55D-4273-85E2-1BFD95A4BB80}.Release|Mixed Platforms.ActiveCfg = Release|Any CPU
		{14989202-B55D-4273-85E2-1BFD95A4BB80}.Release|Mixed Platforms.Build.0 = Release|Any CPU
		{14989202-B55D-4273-85E2-1BFD95A4BB80}.Release|x86.ActiveCfg = Release|Any CPU
		{22945718-331A-4CC1-A98A-A7E7500FAF76}.Debug|Any CPU.ActiveCfg = Debug|Any CPU
		{22945718-331A-4CC1-A98A-A7E7500FAF76}.Debug|Any CPU.Build.0 = Debug|Any CPU
		{22945718-331A-4CC1-A98A-A7E7500FAF76}.Debug|Mixed Platforms.ActiveCfg = Debug|Any CPU
		{22945718-331A-4CC1-A98A-A7E7500FAF76}.Debug|Mixed Platforms.Build.0 = Debug|Any CPU
		{22945718-331A-4CC1-A98A-A7E7500FAF76}.Debug|x86.ActiveCfg = Debug|Any CPU
		{22945718-331A-4CC1-A98A-A7E7500FAF76}.Release|Any CPU.ActiveCfg = Release|Any CPU
		{22945718-331A-4CC1-A98A-A7E7500FAF76}.Release|Any CPU.Build.0 = Release|Any CPU
		{22945718-331A-4CC1-A98A-A7E7500FAF76}.Release|Mixed Platforms.ActiveCfg = Release|Any CPU
		{22945718-331A-4CC1-A98A-A7E7500FAF76}.Release|Mixed Platforms.Build.0 = Release|Any CPU
		{22945718-331A-4CC1-A98A-A7E7500FAF76}.Release|x86.ActiveCfg = Release|Any CPU
		{992FAE21-1367-4795-A9AC-C8F8CE8D8DA9}.Debug|Any CPU.ActiveCfg = Debug|Any CPU
		{992FAE21-1367-4795-A9AC-C8F8CE8D8DA9}.Debug|Any CPU.Build.0 = Debug|Any CPU
		{992FAE21-1367-4795-A9AC-C8F8CE8D8DA9}.Debug|Mixed Platforms.ActiveCfg = Debug|Any CPU
		{992FAE21-1367-4795-A9AC-C8F8CE8D8DA9}.Debug|Mixed Platforms.Build.0 = Debug|Any CPU
		{992FAE21-1367-4795-A9AC-C8F8CE8D8DA9}.Debug|x86.ActiveCfg = Debug|Any CPU
		{992FAE21-1367-4795-A9AC-C8F8CE8D8DA9}.Release|Any CPU.ActiveCfg = Release|Any CPU
		{992FAE21-1367-4795-A9AC-C8F8CE8D8DA9}.Release|Any CPU.Build.0 = Release|Any CPU
		{992FAE21-1367-4795-A9AC-C8F8CE8D8DA9}.Release|Mixed Platforms.ActiveCfg = Release|Any CPU
		{992FAE21-1367-4795-A9AC-C8F8CE8D8DA9}.Release|Mixed Platforms.Build.0 = Release|Any CPU
		{992FAE21-1367-4795-A9AC-C8F8CE8D8DA9}.Release|x86.ActiveCfg = Release|Any CPU
	EndGlobalSection
	GlobalSection(SolutionProperties) = preSolution
		HideSolutionNode = FALSE
	EndGlobalSection
EndGlobal
